
Microsoft Visual Studio Solution File, Format Version 12.00
# Visual Studio Version 17
VisualStudioVersion = 17.9.34728.123
MinimumVisualStudioVersion = 10.0.40219.1
Project("{9A19103F-16F7-4668-BE54-9A1E7A4F7556}") = "ImageSharpLabelGen", "ImageSharpLabelGen\ImageSharpLabelGen.csproj", "{6F62B74D-51B7-4AFA-846C-C02D52445E92}"
EndProject
Project("{9A19103F-16F7-4668-BE54-9A1E7A4F7556}") = "LabelGenGUI.Avalonia", "LabelGenGUI.Avalonia\LabelGenGUI.Avalonia.csproj", "{E598C23C-8987-4151-B34D-4C1C17ADEE15}"
EndProject
Global
	GlobalSection(SolutionConfigurationPlatforms) = preSolution
		Debug|Any CPU = Debug|Any CPU
		Release|Any CPU = Release|Any CPU
	EndGlobalSection
	GlobalSection(ProjectConfigurationPlatforms) = postSolution
		{6F62B74D-51B7-4AFA-846C-C02D52445E92}.Debug|Any CPU.ActiveCfg = Debug|Any CPU
		{6F62B74D-51B7-4AFA-846C-C02D52445E92}.Debug|Any CPU.Build.0 = Debug|Any CPU
		{6F62B74D-51B7-4AFA-846C-C02D52445E92}.Release|Any CPU.ActiveCfg = Release|Any CPU
		{6F62B74D-51B7-4AFA-846C-C02D52445E92}.Release|Any CPU.Build.0 = Release|Any CPU
		{E598C23C-8987-4151-B34D-4C1C17ADEE15}.Debug|Any CPU.ActiveCfg = Debug|Any CPU
		{E598C23C-8987-4151-B34D-4C1C17ADEE15}.Debug|Any CPU.Build.0 = Debug|Any CPU
		{E598C23C-8987-4151-B34D-4C1C17ADEE15}.Release|Any CPU.ActiveCfg = Release|Any CPU
		{E598C23C-8987-4151-B34D-4C1C17ADEE15}.Release|Any CPU.Build.0 = Release|Any CPU
	EndGlobalSection
	GlobalSection(SolutionProperties) = preSolution
		HideSolutionNode = FALSE
	EndGlobalSection
	GlobalSection(ExtensibilityGlobals) = postSolution
		SolutionGuid = {F829F6D3-1134-4B39-98DD-A375D1063CF3}
	EndGlobalSection
EndGlobal
